
Microsoft Visual Studio Solution File, Format Version 12.00
Project("{2150E333-8FDC-42A3-9474-1A3956D46DE8}") = "tests", "tests", "{3D7B6524-B9D3-41A5-A015-4F3701AD3B8C}"
EndProject
Project("{2150E333-8FDC-42A3-9474-1A3956D46DE8}") = "src", "src", "{F74FE47C-26D5-44CC-B02E-97EA9D6A83CA}"
EndProject
Project("{FAE04EC0-301F-11D3-BF4B-00C04F79EFBC}") = "Skillion", "src\Skillion\Skillion.csproj", "{30644FBD-0D84-454F-B3A6-4B581CB58B4E}"
EndProject
Project("{FAE04EC0-301F-11D3-BF4B-00C04F79EFBC}") = "SkillionUnitTests", "tests\SkillionUnitTests\SkillionUnitTests.csproj", "{AC9D2AF1-184F-4111-80AA-D2834C0FEA4D}"
EndProject
Project("{FAE04EC0-301F-11D3-BF4B-00C04F79EFBC}") = "ManualTest", "tests\ManualTest\ManualTest.csproj", "{325D895C-A618-4508-B99E-CE17F8C953FA}"
EndProject
Global
	GlobalSection(SolutionConfigurationPlatforms) = preSolution
		Debug|Any CPU = Debug|Any CPU
		Release|Any CPU = Release|Any CPU
	EndGlobalSection
	GlobalSection(ProjectConfigurationPlatforms) = postSolution
		{30644FBD-0D84-454F-B3A6-4B581CB58B4E}.Debug|Any CPU.ActiveCfg = Debug|Any CPU
		{30644FBD-0D84-454F-B3A6-4B581CB58B4E}.Debug|Any CPU.Build.0 = Debug|Any CPU
		{30644FBD-0D84-454F-B3A6-4B581CB58B4E}.Release|Any CPU.ActiveCfg = Release|Any CPU
		{30644FBD-0D84-454F-B3A6-4B581CB58B4E}.Release|Any CPU.Build.0 = Release|Any CPU
		{AC9D2AF1-184F-4111-80AA-D2834C0FEA4D}.Debug|Any CPU.ActiveCfg = Debug|Any CPU
		{AC9D2AF1-184F-4111-80AA-D2834C0FEA4D}.Debug|Any CPU.Build.0 = Debug|Any CPU
		{AC9D2AF1-184F-4111-80AA-D2834C0FEA4D}.Release|Any CPU.ActiveCfg = Release|Any CPU
		{AC9D2AF1-184F-4111-80AA-D2834C0FEA4D}.Release|Any CPU.Build.0 = Release|Any CPU
		{325D895C-A618-4508-B99E-CE17F8C953FA}.Debug|Any CPU.ActiveCfg = Debug|Any CPU
		{325D895C-A618-4508-B99E-CE17F8C953FA}.Debug|Any CPU.Build.0 = Debug|Any CPU
		{325D895C-A618-4508-B99E-CE17F8C953FA}.Release|Any CPU.ActiveCfg = Release|Any CPU
		{325D895C-A618-4508-B99E-CE17F8C953FA}.Release|Any CPU.Build.0 = Release|Any CPU
	EndGlobalSection
	GlobalSection(NestedProjects) = preSolution
		{30644FBD-0D84-454F-B3A6-4B581CB58B4E} = {F74FE47C-26D5-44CC-B02E-97EA9D6A83CA}
		{AC9D2AF1-184F-4111-80AA-D2834C0FEA4D} = {3D7B6524-B9D3-41A5-A015-4F3701AD3B8C}
		{325D895C-A618-4508-B99E-CE17F8C953FA} = {3D7B6524-B9D3-41A5-A015-4F3701AD3B8C}
	EndGlobalSection
EndGlobal
